version = 1
revision = 3
requires-python = ">=3.11"

[[package]]
name = "lark-cycles"
version = "0.1.0"
source = { editable = "." }
dependencies = [
    { name = "starlark" },
]

[package.metadata]
requires-dist = [{ name = "starlark", specifier = ">=0.2,<0.3" }]

[[package]]
name = "starlark"
version = "0.2.0"
source = { registry = "https://pypi.org/simple" }
sdist = { url = "https://files.pythonhosted.org/packages/39/5d/153396eecab3d698fbaece5be2e049607b7eb8eb5bdf8955d58751f3e18f/starlark-0.2.0.tar.gz", hash = "sha256:998e67a80a717344d601acb4e9de392f111b82e78c58e6a7bfeb0534c50f3f54", size = 231933, upload-time = "2026-05-07T16:05:23.579Z" }
wheels = [
    { url = "https://files.pythonhosted.org/packages/c6/8d/2bea44bb7f597cee433235cfd7af02c1680e9c2a5e2621c05acea444d526/starlark-0.2.0-py3-none-any.whl", hash = "sha256:9008f2d7e2d340ab8572a6323e59f8d829ba167798f97cea5059a1047ef46871", size = 92484, upload-time = "2026-05-07T16:05:21.683Z" },
]
